
Microsoft Visual Studio Solution File, Format Version 12.00
# Visual Studio Version 17
VisualStudioVersion = 17.5.002.0
MinimumVisualStudioVersion = 10.0.40219.1
Project("{2150E333-8FDC-42A3-9474-1A3956D46DE8}") = "Server", "Server", "{92737E05-9CA2-41C9-91F7-BFC3E15DB1B7}"
EndProject
Project("{2150E333-8FDC-42A3-9474-1A3956D46DE8}") = "src", "src", "{43B55A24-7A2D-4479-8F2C-DFA8781CB830}"
EndProject
Project("{9A19103F-16F7-4668-BE54-9A1E7A4F7556}") = "ProEventos.API", "Server\src\ProEventos.API\ProEventos.API.csproj", "{A95C68B8-B9C1-40DB-BD77-ED292777F7BE}"
EndProject
Global
	GlobalSection(SolutionConfigurationPlatforms) = preSolution
		Debug|Any CPU = Debug|Any CPU
		Release|Any CPU = Release|Any CPU
	EndGlobalSection
	GlobalSection(ProjectConfigurationPlatforms) = postSolution
		{A95C68B8-B9C1-40DB-BD77-ED292777F7BE}.Debug|Any CPU.ActiveCfg = Debug|Any CPU
		{A95C68B8-B9C1-40DB-BD77-ED292777F7BE}.Debug|Any CPU.Build.0 = Debug|Any CPU
		{A95C68B8-B9C1-40DB-BD77-ED292777F7BE}.Release|Any CPU.ActiveCfg = Release|Any CPU
		{A95C68B8-B9C1-40DB-BD77-ED292777F7BE}.Release|Any CPU.Build.0 = Release|Any CPU
	EndGlobalSection
	GlobalSection(SolutionProperties) = preSolution
		HideSolutionNode = FALSE
	EndGlobalSection
	GlobalSection(NestedProjects) = preSolution
		{43B55A24-7A2D-4479-8F2C-DFA8781CB830} = {92737E05-9CA2-41C9-91F7-BFC3E15DB1B7}
		{A95C68B8-B9C1-40DB-BD77-ED292777F7BE} = {43B55A24-7A2D-4479-8F2C-DFA8781CB830}
	EndGlobalSection
	GlobalSection(ExtensibilityGlobals) = postSolution
		SolutionGuid = {438EF441-F79C-4A45-87F8-9E26E32286D6}
	EndGlobalSection
EndGlobal
